
Microsoft Visual Studio Solution File, Format Version 12.00
# Visual Studio 14
VisualStudioVersion = 14.0.25420.1
MinimumVisualStudioVersion = 10.0.40219.1
Project("{FAE04EC0-301F-11D3-BF4B-00C04F79EFBC}") = "SimulationBuilder", "SimulationBuilder\SimulationBuilder.csproj", "{DFA0AF64-298F-4B70-8463-661DD700C04D}"
EndProject
Global
	GlobalSection(SolutionConfigurationPlatforms) = preSolution
		Debug|Any CPU = Debug|Any CPU
		Release|Any CPU = Release|Any CPU
	EndGlobalSection
	GlobalSection(ProjectConfigurationPlatforms) = postSolution
		{DFA0AF64-298F-4B70-8463-661DD700C04D}.Debug|Any CPU.ActiveCfg = Debug|Any CPU
		{DFA0AF64-298F-4B70-8463-661DD700C04D}.Debug|Any CPU.Build.0 = Debug|Any CPU
		{DFA0AF64-298F-4B70-8463-661DD700C04D}.Release|Any CPU.ActiveCfg = Release|Any CPU
		{DFA0AF64-298F-4B70-8463-661DD700C04D}.Release|Any CPU.Build.0 = Release|Any CPU
	EndGlobalSection
	GlobalSection(SolutionProperties) = preSolution
		HideSolutionNode = FALSE
	EndGlobalSection
EndGlobal
